
Microsoft Visual Studio Solution File, Format Version 12.00
# Visual Studio Version 16
VisualStudioVersion = 16.0.31605.320
MinimumVisualStudioVersion = 10.0.40219.1
Project("{FAE04EC0-301F-11D3-BF4B-00C04F79EFBC}") = "FileMuss", "FileMuss\FileMuss.csproj", "{57851361-EB9F-47BF-A3D5-97719B5DDA27}"
EndProject
Global
	GlobalSection(SolutionConfigurationPlatforms) = preSolution
		Debug|Any CPU = Debug|Any CPU
		Release|Any CPU = Release|Any CPU
	EndGlobalSection
	GlobalSection(ProjectConfigurationPlatforms) = postSolution
		{57851361-EB9F-47BF-A3D5-97719B5DDA27}.Debug|Any CPU.ActiveCfg = Debug|Any CPU
		{57851361-EB9F-47BF-A3D5-97719B5DDA27}.Debug|Any CPU.Build.0 = Debug|Any CPU
		{57851361-EB9F-47BF-A3D5-97719B5DDA27}.Release|Any CPU.ActiveCfg = Release|Any CPU
		{57851361-EB9F-47BF-A3D5-97719B5DDA27}.Release|Any CPU.Build.0 = Release|Any CPU
	EndGlobalSection
	GlobalSection(SolutionProperties) = preSolution
		HideSolutionNode = FALSE
	EndGlobalSection
	GlobalSection(ExtensibilityGlobals) = postSolution
		SolutionGuid = {DA96CCA0-B8E2-4971-AFAC-F862EE30DBD0}
	EndGlobalSection
EndGlobal
